
Microsoft Visual Studio Solution File, Format Version 12.00
# Visual Studio 2013
VisualStudioVersion = 12.0.31101.0
MinimumVisualStudioVersion = 10.0.40219.1
Project("{FAE04EC0-301F-11D3-BF4B-00C04F79EFBC}") = "Trondheimsfjord", "Trondheimsfjord\Trondheimsfjord\Trondheimsfjord.csproj", "{CF52EC70-FAC9-4993-BC99-3047F01CC2A4}"
EndProject
Project("{FAE04EC0-301F-11D3-BF4B-00C04F79EFBC}") = "Trondheimsfjord.iOS", "Trondheimsfjord\Trondheimsfjord.iOS\Trondheimsfjord.iOS.csproj", "{1730E8D8-3B78-4E5D-A63E-B52B50726140}"
EndProject
Project("{FAE04EC0-301F-11D3-BF4B-00C04F79EFBC}") = "Trondheimsfjord.Droid", "Trondheimsfjord\Trondheimsfjord.Droid\Trondheimsfjord.Droid.csproj", "{CD42795E-3D61-4A88-ACD0-0B7B90ED4A6F}"
EndProject
Project("{FAE04EC0-301F-11D3-BF4B-00C04F79EFBC}") = "Trondheimsfjord.Test", "Trondheimsfjord.Test\Trondheimsfjord.Test.csproj", "{594C8D6B-137A-40E5-8BC0-4ECDE33510E6}"
EndProject
Global
	GlobalSection(SolutionConfigurationPlatforms) = preSolution
		Ad-Hoc|Any CPU = Ad-Hoc|Any CPU
		Ad-Hoc|ARM = Ad-Hoc|ARM
		Ad-Hoc|iPhone = Ad-Hoc|iPhone
		Ad-Hoc|iPhoneSimulator = Ad-Hoc|iPhoneSimulator
		Ad-Hoc|Mixed Platforms = Ad-Hoc|Mixed Platforms
		Ad-Hoc|x86 = Ad-Hoc|x86
		AppStore|Any CPU = AppStore|Any CPU
		AppStore|ARM = AppStore|ARM
		AppStore|iPhone = AppStore|iPhone
		AppStore|iPhoneSimulator = AppStore|iPhoneSimulator
		AppStore|Mixed Platforms = AppStore|Mixed Platforms
		AppStore|x86 = AppStore|x86
		Debug|Any CPU = Debug|Any CPU
		Debug|ARM = Debug|ARM
		Debug|iPhone = Debug|iPhone
		Debug|iPhoneSimulator = Debug|iPhoneSimulator
		Debug|Mixed Platforms = Debug|Mixed Platforms
		Debug|x86 = Debug|x86
		Release|Any CPU = Release|Any CPU
		Release|ARM = Release|ARM
		Release|iPhone = Release|iPhone
		Release|iPhoneSimulator = Release|iPhoneSimulator
		Release|Mixed Platforms = Release|Mixed Platforms
		Release|x86 = Release|x86
	EndGlobalSection
	GlobalSection(ProjectConfigurationPlatforms) = postSolution
		{CF52EC70-FAC9-4993-BC99-3047F01CC2A4}.Ad-Hoc|Any CPU.ActiveCfg = Release|Any CPU
		{CF52EC70-FAC9-4993-BC99-3047F01CC2A4}.Ad-Hoc|Any CPU.Build.0 = Release|Any CPU
		{CF52EC70-FAC9-4993-BC99-3047F01CC2A4}.Ad-Hoc|ARM.ActiveCfg = Release|Any CPU
		{CF52EC70-FAC9-4993-BC99-3047F01CC2A4}.Ad-Hoc|iPhone.ActiveCfg = Release|Any CPU
		{CF52EC70-FAC9-4993-BC99-3047F01CC2A4}.Ad-Hoc|iPhoneSimulator.ActiveCfg = Release|Any CPU
		{CF52EC70-FAC9-4993-BC99-3047F01CC2A4}.Ad-Hoc|Mixed Platforms.ActiveCfg = Release|Any CPU
		{CF52EC70-FAC9-4993-BC99-3047F01CC2A4}.Ad-Hoc|Mixed Platforms.Build.0 = Release|Any CPU
		{CF52EC70-FAC9-4993-BC99-3047F01CC2A4}.Ad-Hoc|x86.ActiveCfg = Release|Any CPU
		{CF52EC70-FAC9-4993-BC99-3047F01CC2A4}.AppStore|Any CPU.ActiveCfg = Release|Any CPU
		{CF52EC70-FAC9-4993-BC99-3047F01CC2A4}.AppStore|Any CPU.Build.0 = Release|Any CPU
		{CF52EC70-FAC9-4993-BC99-3047F01CC2A4}.AppStore|ARM.ActiveCfg = Release|Any CPU
		{CF52EC70-FAC9-4993-BC99-3047F01CC2A4}.AppStore|iPhone.ActiveCfg = Release|Any CPU
		{CF52EC70-FAC9-4993-BC99-3047F01CC2A4}.AppStore|iPhoneSimulator.ActiveCfg = Release|Any CPU
		{CF52EC70-FAC9-4993-BC99-3047F01CC2A4}.AppStore|Mixed Platforms.ActiveCfg = Release|Any CPU
		{CF52EC70-FAC9-4993-BC99-3047F01CC2A4}.AppStore|Mixed Platforms.Build.0 = Release|Any CPU
		{CF52EC70-FAC9-4993-BC99-3047F01CC2A4}.AppStore|x86.ActiveCfg = Release|Any CPU
		{CF52EC70-FAC9-4993-BC99-3047F01CC2A4}.Debug|Any CPU.ActiveCfg = Debug|Any CPU
		{CF52EC70-FAC9-4993-BC99-3047F01CC2A4}.Debug|Any CPU.Build.0 = Debug|Any CPU
		{CF52EC70-FAC9-4993-BC99-3047F01CC2A4}.Debug|ARM.ActiveCfg = Debug|Any CPU
		{CF52EC70-FAC9-4993-BC99-3047F01CC2A4}.Debug|iPhone.ActiveCfg = Debug|Any CPU
		{CF52EC70-FAC9-4993-BC99-3047F01CC2A4}.Debug|iPhoneSimulator.ActiveCfg = Debug|Any CPU
		{CF52EC70-FAC9-4993-BC99-3047F01CC2A4}.Debug|Mixed Platforms.ActiveCfg = Debug|Any CPU
		{CF52EC70-FAC9-4993-BC99-3047F01CC2A4}.Debug|Mixed Platforms.Build.0 = Debug|Any CPU
		{CF52EC70-FAC9-4993-BC99-3047F01CC2A4}.Debug|x86.ActiveCfg = Debug|Any CPU
		{CF52EC70-FAC9-4993-BC99-3047F01CC2A4}.Release|Any CPU.ActiveCfg = Release|Any CPU
		{CF52EC70-FAC9-4993-BC99-3047F01CC2A4}.Release|Any CPU.Build.0 = Release|Any CPU
		{CF52EC70-FAC9-4993-BC99-3047F01CC2A4}.Release|ARM.ActiveCfg = Release|Any CPU
		{CF52EC70-FAC9-4993-BC99-3047F01CC2A4}.Release|iPhone.ActiveCfg = Release|Any CPU
		{CF52EC70-FAC9-4993-BC99-3047F01CC2A4}.Release|iPhoneSimulator.ActiveCfg = Release|Any CPU
		{CF52EC70-FAC9-4993-BC99-3047F01CC2A4}.Release|Mixed Platforms.ActiveCfg = Release|Any CPU
		{CF52EC70-FAC9-4993-BC99-3047F01CC2A4}.Release|Mixed Platforms.Build.0 = Release|Any CPU
		{CF52EC70-FAC9-4993-BC99-3047F01CC2A4}.Release|x86.ActiveCfg = Release|Any CPU
		{1730E8D8-3B78-4E5D-A63E-B52B50726140}.Ad-Hoc|Any CPU.ActiveCfg = Ad-Hoc|iPhone
		{1730E8D8-3B78-4E5D-A63E-B52B50726140}.Ad-Hoc|ARM.ActiveCfg = Ad-Hoc|iPhone
		{1730E8D8-3B78-4E5D-A63E-B52B50726140}.Ad-Hoc|iPhone.ActiveCfg = Ad-Hoc|iPhone
		{1730E8D8-3B78-4E5D-A63E-B52B50726140}.Ad-Hoc|iPhone.Build.0 = Ad-Hoc|iPhone
		{1730E8D8-3B78-4E5D-A63E-B52B50726140}.Ad-Hoc|iPhoneSimulator.ActiveCfg = Ad-Hoc|iPhoneSimulator
		{1730E8D8-3B78-4E5D-A63E-B52B50726140}.Ad-Hoc|iPhoneSimulator.Build.0 = Ad-Hoc|iPhoneSimulator
		{1730E8D8-3B78-4E5D-A63E-B52B50726140}.Ad-Hoc|Mixed Platforms.ActiveCfg = Ad-Hoc|iPhone
		{1730E8D8-3B78-4E5D-A63E-B52B50726140}.Ad-Hoc|Mixed Platforms.Build.0 = Ad-Hoc|iPhone
		{1730E8D8-3B78-4E5D-A63E-B52B50726140}.Ad-Hoc|x86.ActiveCfg = Ad-Hoc|iPhone
		{1730E8D8-3B78-4E5D-A63E-B52B50726140}.AppStore|Any CPU.ActiveCfg = AppStore|iPhone
		{1730E8D8-3B78-4E5D-A63E-B52B50726140}.AppStore|ARM.ActiveCfg = AppStore|iPhone
		{1730E8D8-3B78-4E5D-A63E-B52B50726140}.AppStore|iPhone.ActiveCfg = AppStore|iPhone
		{1730E8D8-3B78-4E5D-A63E-B52B50726140}.AppStore|iPhone.Build.0 = AppStore|iPhone
		{1730E8D8-3B78-4E5D-A63E-B52B50726140}.AppStore|iPhoneSimulator.ActiveCfg = AppStore|iPhoneSimulator
		{1730E8D8-3B78-4E5D-A63E-B52B50726140}.AppStore|iPhoneSimulator.Build.0 = AppStore|iPhoneSimulator
		{1730E8D8-3B78-4E5D-A63E-B52B50726140}.AppStore|Mixed Platforms.ActiveCfg = AppStore|iPhone
		{1730E8D8-3B78-4E5D-A63E-B52B50726140}.AppStore|Mixed Platforms.Build.0 = AppStore|iPhone
		{1730E8D8-3B78-4E5D-A63E-B52B50726140}.AppStore|x86.ActiveCfg = AppStore|iPhone
		{1730E8D8-3B78-4E5D-A63E-B52B50726140}.Debug|Any CPU.ActiveCfg = Debug|iPhone
		{1730E8D8-3B78-4E5D-A63E-B52B50726140}.Debug|ARM.ActiveCfg = Debug|iPhone
		{1730E8D8-3B78-4E5D-A63E-B52B50726140}.Debug|iPhone.ActiveCfg = Debug|iPhone
		{1730E8D8-3B78-4E5D-A63E-B52B50726140}.Debug|iPhone.Build.0 = Debug|iPhone
		{1730E8D8-3B78-4E5D-A63E-B52B50726140}.Debug|iPhoneSimulator.ActiveCfg = Debug|iPhoneSimulator
		{1730E8D8-3B78-4E5D-A63E-B52B50726140}.Debug|iPhoneSimulator.Build.0 = Debug|iPhoneSimulator
		{1730E8D8-3B78-4E5D-A63E-B52B50726140}.Debug|Mixed Platforms.ActiveCfg = Debug|iPhone
		{1730E8D8-3B78-4E5D-A63E-B52B50726140}.Debug|Mixed Platforms.Build.0 = Debug|iPhone
		{1730E8D8-3B78-4E5D-A63E-B52B50726140}.Debug|x86.ActiveCfg = Debug|iPhone
		{1730E8D8-3B78-4E5D-A63E-B52B50726140}.Release|Any CPU.ActiveCfg = Release|iPhone
		{1730E8D8-3B78-4E5D-A63E-B52B50726140}.Release|ARM.ActiveCfg = Release|iPhone
		{1730E8D8-3B78-4E5D-A63E-B52B50726140}.Release|iPhone.ActiveCfg = Release|iPhone
		{1730E8D8-3B78-4E5D-A63E-B52B50726140}.Release|iPhone.Build.0 = Release|iPhone
		{1730E8D8-3B78-4E5D-A63E-B52B50726140}.Release|iPhoneSimulator.ActiveCfg = Release|iPhoneSimulator
		{1730E8D8-3B78-4E5D-A63E-B52B50726140}.Release|iPhoneSimulator.Build.0 = Release|iPhoneSimulator
		{1730E8D8-3B78-4E5D-A63E-B52B50726140}.Release|Mixed Platforms.ActiveCfg = Release|iPhone
		{1730E8D8-3B78-4E5D-A63E-B52B50726140}.Release|Mixed Platforms.Build.0 = Release|iPhone
		{1730E8D8-3B78-4E5D-A63E-B52B50726140}.Release|x86.ActiveCfg = Release|iPhone
		{CD42795E-3D61-4A88-ACD0-0B7B90ED4A6F}.Ad-Hoc|Any CPU.ActiveCfg = Release|Any CPU
		{CD42795E-3D61-4A88-ACD0-0B7B90ED4A6F}.Ad-Hoc|Any CPU.Build.0 = Release|Any CPU
		{CD42795E-3D61-4A88-ACD0-0B7B90ED4A6F}.Ad-Hoc|Any CPU.Deploy.0 = Release|Any CPU
		{CD42795E-3D61-4A88-ACD0-0B7B90ED4A6F}.Ad-Hoc|ARM.ActiveCfg = Release|Any CPU
		{CD42795E-3D61-4A88-ACD0-0B7B90ED4A6F}.Ad-Hoc|iPhone.ActiveCfg = Release|Any CPU
		{CD42795E-3D61-4A88-ACD0-0B7B90ED4A6F}.Ad-Hoc|iPhoneSimulator.ActiveCfg = Release|Any CPU
		{CD42795E-3D61-4A88-ACD0-0B7B90ED4A6F}.Ad-Hoc|Mixed Platforms.ActiveCfg = Release|Any CPU
		{CD42795E-3D61-4A88-ACD0-0B7B90ED4A6F}.Ad-Hoc|Mixed Platforms.Build.0 = Release|Any CPU
		{CD42795E-3D61-4A88-ACD0-0B7B90ED4A6F}.Ad-Hoc|Mixed Platforms.Deploy.0 = Release|Any CPU
		{CD42795E-3D61-4A88-ACD0-0B7B90ED4A6F}.Ad-Hoc|x86.ActiveCfg = Release|Any CPU
		{CD42795E-3D61-4A88-ACD0-0B7B90ED4A6F}.AppStore|Any CPU.ActiveCfg = Release|Any CPU
		{CD42795E-3D61-4A88-ACD0-0B7B90ED4A6F}.AppStore|Any CPU.Build.0 = Release|Any CPU
		{CD42795E-3D61-4A88-ACD0-0B7B90ED4A6F}.AppStore|Any CPU.Deploy.0 = Release|Any CPU
		{CD42795E-3D61-4A88-ACD0-0B7B90ED4A6F}.AppStore|ARM.ActiveCfg = Release|Any CPU
		{CD42795E-3D61-4A88-ACD0-0B7B90ED4A6F}.AppStore|iPhone.ActiveCfg = Release|Any CPU
		{CD42795E-3D61-4A88-ACD0-0B7B90ED4A6F}.AppStore|iPhoneSimulator.ActiveCfg = Release|Any CPU
		{CD42795E-3D61-4A88-ACD0-0B7B90ED4A6F}.AppStore|Mixed Platforms.ActiveCfg = Release|Any CPU
		{CD42795E-3D61-4A88-ACD0-0B7B90ED4A6F}.AppStore|Mixed Platforms.Build.0 = Release|Any CPU
		{CD42795E-3D61-4A88-ACD0-0B7B90ED4A6F}.AppStore|Mixed Platforms.Deploy.0 = Release|Any CPU
		{CD42795E-3D61-4A88-ACD0-0B7B90ED4A6F}.AppStore|x86.ActiveCfg = Release|Any CPU
		{CD42795E-3D61-4A88-ACD0-0B7B90ED4A6F}.Debug|Any CPU.ActiveCfg = Debug|Any CPU
		{CD42795E-3D61-4A88-ACD0-0B7B90ED4A6F}.Debug|Any CPU.Build.0 = Debug|Any CPU
		{CD42795E-3D61-4A88-ACD0-0B7B90ED4A6F}.Debug|Any CPU.Deploy.0 = Debug|Any CPU
		{CD42795E-3D61-4A88-ACD0-0B7B90ED4A6F}.Debug|ARM.ActiveCfg = Debug|Any CPU
		{CD42795E-3D61-4A88-ACD0-0B7B90ED4A6F}.Debug|iPhone.ActiveCfg = Debug|Any CPU
		{CD42795E-3D61-4A88-ACD0-0B7B90ED4A6F}.Debug|iPhoneSimulator.ActiveCfg = Debug|Any CPU
		{CD42795E-3D61-4A88-ACD0-0B7B90ED4A6F}.Debug|Mixed Platforms.ActiveCfg = Debug|Any CPU
		{CD42795E-3D61-4A88-ACD0-0B7B90ED4A6F}.Debug|Mixed Platforms.Build.0 = Debug|Any CPU
		{CD42795E-3D61-4A88-ACD0-0B7B90ED4A6F}.Debug|Mixed Platforms.Deploy.0 = Debug|Any CPU
		{CD42795E-3D61-4A88-ACD0-0B7B90ED4A6F}.Debug|x86.ActiveCfg = Debug|Any CPU
		{CD42795E-3D61-4A88-ACD0-0B7B90ED4A6F}.Release|Any CPU.ActiveCfg = Release|Any CPU
		{CD42795E-3D61-4A88-ACD0-0B7B90ED4A6F}.Release|Any CPU.Build.0 = Release|Any CPU
		{CD42795E-3D61-4A88-ACD0-0B7B90ED4A6F}.Release|Any CPU.Deploy.0 = Release|Any CPU
		{CD42795E-3D61-4A88-ACD0-0B7B90ED4A6F}.Release|ARM.ActiveCfg = Release|Any CPU
		{CD42795E-3D61-4A88-ACD0-0B7B90ED4A6F}.Release|iPhone.ActiveCfg = Release|Any CPU
		{CD42795E-3D61-4A88-ACD0-0B7B90ED4A6F}.Release|iPhoneSimulator.ActiveCfg = Release|Any CPU
		{CD42795E-3D61-4A88-ACD0-0B7B90ED4A6F}.Release|Mixed Platforms.ActiveCfg = Release|Any CPU
		{CD42795E-3D61-4A88-ACD0-0B7B90ED4A6F}.Release|Mixed Platforms.Build.0 = Release|Any CPU
		{CD42795E-3D61-4A88-ACD0-0B7B90ED4A6F}.Release|Mixed Platforms.Deploy.0 = Release|Any CPU
		{CD42795E-3D61-4A88-ACD0-0B7B90ED4A6F}.Release|x86.ActiveCfg = Release|Any CPU
		{594C8D6B-137A-40E5-8BC0-4ECDE33510E6}.Ad-Hoc|Any CPU.ActiveCfg = Release|Any CPU
		{594C8D6B-137A-40E5-8BC0-4ECDE33510E6}.Ad-Hoc|Any CPU.Build.0 = Release|Any CPU
		{594C8D6B-137A-40E5-8BC0-4ECDE33510E6}.Ad-Hoc|ARM.ActiveCfg = Release|Any CPU
		{594C8D6B-137A-40E5-8BC0-4ECDE33510E6}.Ad-Hoc|iPhone.ActiveCfg = Release|Any CPU
		{594C8D6B-137A-40E5-8BC0-4ECDE33510E6}.Ad-Hoc|iPhoneSimulator.ActiveCfg = Release|Any CPU
		{594C8D6B-137A-40E5-8BC0-4ECDE33510E6}.Ad-Hoc|Mixed Platforms.ActiveCfg = Release|Any CPU
		{594C8D6B-137A-40E5-8BC0-4ECDE33510E6}.Ad-Hoc|Mixed Platforms.Build.0 = Release|Any CPU
		{594C8D6B-137A-40E5-8BC0-4ECDE33510E6}.Ad-Hoc|x86.ActiveCfg = Release|Any CPU
		{594C8D6B-137A-40E5-8BC0-4ECDE33510E6}.AppStore|Any CPU.ActiveCfg = Release|Any CPU
		{594C8D6B-137A-40E5-8BC0-4ECDE33510E6}.AppStore|Any CPU.Build.0 = Release|Any CPU
		{594C8D6B-137A-40E5-8BC0-4ECDE33510E6}.AppStore|ARM.ActiveCfg = Release|Any CPU
		{594C8D6B-137A-40E5-8BC0-4ECDE33510E6}.AppStore|iPhone.ActiveCfg = Release|Any CPU
		{594C8D6B-137A-40E5-8BC0-4ECDE33510E6}.AppStore|iPhoneSimulator.ActiveCfg = Release|Any CPU
		{594C8D6B-137A-40E5-8BC0-4ECDE33510E6}.AppStore|Mixed Platforms.ActiveCfg = Release|Any CPU
		{594C8D6B-137A-40E5-8BC0-4ECDE33510E6}.AppStore|Mixed Platforms.Build.0 = Release|Any CPU
		{594C8D6B-137A-40E5-8BC0-4ECDE33510E6}.AppStore|x86.ActiveCfg = Release|Any CPU
		{594C8D6B-137A-40E5-8BC0-4ECDE33510E6}.Debug|Any CPU.ActiveCfg = Debug|Any CPU
		{594C8D6B-137A-40E5-8BC0-4ECDE33510E6}.Debug|Any CPU.Build.0 = Debug|Any CPU
		{594C8D6B-137A-40E5-8BC0-4ECDE33510E6}.Debug|ARM.ActiveCfg = Debug|Any CPU
		{594C8D6B-137A-40E5-8BC0-4ECDE33510E6}.Debug|iPhone.ActiveCfg = Debug|Any CPU
		{594C8D6B-137A-40E5-8BC0-4ECDE33510E6}.Debug|iPhoneSimulator.ActiveCfg = Debug|Any CPU
		{594C8D6B-137A-40E5-8BC0-4ECDE33510E6}.Debug|Mixed Platforms.ActiveCfg = Debug|Any CPU
		{594C8D6B-137A-40E5-8BC0-4ECDE33510E6}.Debug|Mixed Platforms.Build.0 = Debug|Any CPU
		{594C8D6B-137A-40E5-8BC0-4ECDE33510E6}.Debug|x86.ActiveCfg = Debug|Any CPU
		{594C8D6B-137A-40E5-8BC0-4ECDE33510E6}.Release|Any CPU.ActiveCfg = Release|Any CPU
		{594C8D6B-137A-40E5-8BC0-4ECDE33510E6}.Release|Any CPU.Build.0 = Release|Any CPU
		{594C8D6B-137A-40E5-8BC0-4ECDE33510E6}.Release|ARM.ActiveCfg = Release|Any CPU
		{594C8D6B-137A-40E5-8BC0-4ECDE33510E6}.Release|iPhone.ActiveCfg = Release|Any CPU
		{594C8D6B-137A-40E5-8BC0-4ECDE33510E6}.Release|iPhoneSimulator.ActiveCfg = Release|Any CPU
		{594C8D6B-137A-40E5-8BC0-4ECDE33510E6}.Release|Mixed Platforms.ActiveCfg = Release|Any CPU
		{594C8D6B-137A-40E5-8BC0-4ECDE33510E6}.Release|Mixed Platforms.Build.0 = Release|Any CPU
		{594C8D6B-137A-40E5-8BC0-4ECDE33510E6}.Release|x86.ActiveCfg = Release|Any CPU
	EndGlobalSection
	GlobalSection(SolutionProperties) = preSolution
		HideSolutionNode = FALSE
	EndGlobalSection
EndGlobal
